// !$*UTF8*$!
{
	archiveVersion = 1;
	classes = {
	};
	objectVersion = 50;
	objects = {

/* Begin PBXBuildFile section */
		3118751BFDDB3B1BC63C439E /* Pods_MyAppUITests.framework in Frameworks */ = {isa = PBXBuildFile; fileRef = A2CD9BCC38DE24C7DBE2984C /* Pods_MyAppUITests.framework */; };
		359BF15D23F2B5FE007AB5E9 /* Assets.xcassets in Resources */ = {isa = PBXBuildFile; fileRef = 359BF15C23F2B5FE007AB5E9 /* Assets.xcassets */; };
		359BF16B23F2B5FE007AB5E9 /* MyAppTests.swift in Sources */ = {isa = PBXBuildFile; fileRef = 359BF16A23F2B5FE007AB5E9 /* MyAppTests.swift */; };
		359BF17623F2B5FE007AB5E9 /* MyAppUITests.swift in Sources */ = {isa = PBXBuildFile; fileRef = 359BF17523F2B5FE007AB5E9 /* MyAppUITests.swift */; };
		359BF18723F2B68F007AB5E9 /* ViewController.swift in Sources */ = {isa = PBXBuildFile; fileRef = 359BF18423F2B68F007AB5E9 /* ViewController.swift */; };
		359BF18823F2B68F007AB5E9 /* AppDelegate.swift in Sources */ = {isa = PBXBuildFile; fileRef = 359BF18623F2B68F007AB5E9 /* AppDelegate.swift */; };
		359BF18A23F2BF3B007AB5E9 /* ViewModel.swift in Sources */ = {isa = PBXBuildFile; fileRef = 359BF18923F2BF3B007AB5E9 /* ViewModel.swift */; };
		359BF18D23F2C204007AB5E9 /* DataManager.swift in Sources */ = {isa = PBXBuildFile; fileRef = 359BF18C23F2C204007AB5E9 /* DataManager.swift */; };
		359BF19023F2C651007AB5E9 /* Country.swift in Sources */ = {isa = PBXBuildFile; fileRef = 359BF18F23F2C651007AB5E9 /* Country.swift */; };
		359BF19323F3B331007AB5E9 /* TableViewCell.swift in Sources */ = {isa = PBXBuildFile; fileRef = 359BF19223F3B331007AB5E9 /* TableViewCell.swift */; };
		85B8A635B030DB711E0B1EAE /* Pods_MyApp.framework in Frameworks */ = {isa = PBXBuildFile; fileRef = 27511C56C269773D29EA85AC /* Pods_MyApp.framework */; };
		AE32F326A37B604993F7F3C2 /* Pods_MyAppTests.framework in Frameworks */ = {isa = PBXBuildFile; fileRef = C8F02F907AE418BD8641E542 /* Pods_MyAppTests.framework */; };
/* End PBXBuildFile section */

/* Begin PBXContainerItemProxy section */
		359BF16723F2B5FE007AB5E9 /* PBXContainerItemProxy */ = {
			isa = PBXContainerItemProxy;
			containerPortal = 359BF14A23F2B5FB007AB5E9 /* Project object */;
			proxyType = 1;
			remoteGlobalIDString = 359BF15123F2B5FB007AB5E9;
			remoteInfo = MyApp;
		};
		359BF17223F2B5FE007AB5E9 /* PBXContainerItemProxy */ = {
			isa = PBXContainerItemProxy;
			containerPortal = 359BF14A23F2B5FB007AB5E9 /* Project object */;
			proxyType = 1;
			remoteGlobalIDString = 359BF15123F2B5FB007AB5E9;
			remoteInfo = MyApp;
		};
/* End PBXContainerItemProxy section */

/* Begin PBXFileReference section */
		072ECF1F29D9A693EC37ABA8 /* Pods-MyAppUITests.release.xcconfig */ = {isa = PBXFileReference; includeInIndex = 1; lastKnownFileType = text.xcconfig; name = "Pods-MyAppUITests.release.xcconfig"; path = "Target Support Files/Pods-MyAppUITests/Pods-MyAppUITests.release.xcconfig"; sourceTree = "<group>"; };
		124004C647990AA2761A3CB3 /* Pods-MyApp.release.xcconfig */ = {isa = PBXFileReference; includeInIndex = 1; lastKnownFileType = text.xcconfig; name = "Pods-MyApp.release.xcconfig"; path = "Target Support Files/Pods-MyApp/Pods-MyApp.release.xcconfig"; sourceTree = "<group>"; };
		271E7700622E149485BB9388 /* Pods-MyApp.debug.xcconfig */ = {isa = PBXFileReference; includeInIndex = 1; lastKnownFileType = text.xcconfig; name = "Pods-MyApp.debug.xcconfig"; path = "Target Support Files/Pods-MyApp/Pods-MyApp.debug.xcconfig"; sourceTree = "<group>"; };
		27511C56C269773D29EA85AC /* Pods_MyApp.framework */ = {isa = PBXFileReference; explicitFileType = wrapper.framework; includeInIndex = 0; path = Pods_MyApp.framework; sourceTree = BUILT_PRODUCTS_DIR; };
		2D45386FDD36C0F30E610F85 /* Pods-MyAppTests.debug.xcconfig */ = {isa = PBXFileReference; includeInIndex = 1; lastKnownFileType = text.xcconfig; name = "Pods-MyAppTests.debug.xcconfig"; path = "Target Support Files/Pods-MyAppTests/Pods-MyAppTests.debug.xcconfig"; sourceTree = "<group>"; };
		359BF15223F2B5FB007AB5E9 /* MyApp.app */ = {isa = PBXFileReference; explicitFileType = wrapper.application; includeInIndex = 0; path = MyApp.app; sourceTree = BUILT_PRODUCTS_DIR; };
		359BF15C23F2B5FE007AB5E9 /* Assets.xcassets */ = {isa = PBXFileReference; lastKnownFileType = folder.assetcatalog; path = Assets.xcassets; sourceTree = "<group>"; };
		359BF16123F2B5FE007AB5E9 /* Info.plist */ = {isa = PBXFileReference; lastKnownFileType = text.plist.xml; path = Info.plist; sourceTree = "<group>"; };
		359BF16623F2B5FE007AB5E9 /* MyAppTests.xctest */ = {isa = PBXFileReference; explicitFileType = wrapper.cfbundle; includeInIndex = 0; path = MyAppTests.xctest; sourceTree = BUILT_PRODUCTS_DIR; };
		359BF16A23F2B5FE007AB5E9 /* MyAppTests.swift */ = {isa = PBXFileReference; lastKnownFileType = sourcecode.swift; path = MyAppTests.swift; sourceTree = "<group>"; };
		359BF16C23F2B5FE007AB5E9 /* Info.plist */ = {isa = PBXFileReference; lastKnownFileType = text.plist.xml; path = Info.plist; sourceTree = "<group>"; };
		359BF17123F2B5FE007AB5E9 /* MyAppUITests.xctest */ = {isa = PBXFileReference; explicitFileType = wrapper.cfbundle; includeInIndex = 0; path = MyAppUITests.xctest; sourceTree = BUILT_PRODUCTS_DIR; };
		359BF17523F2B5FE007AB5E9 /* MyAppUITests.swift */ = {isa = PBXFileReference; lastKnownFileType = sourcecode.swift; path = MyAppUITests.swift; sourceTree = "<group>"; };
		359BF17723F2B5FE007AB5E9 /* Info.plist */ = {isa = PBXFileReference; lastKnownFileType = text.plist.xml; path = Info.plist; sourceTree = "<group>"; };
		359BF18423F2B68F007AB5E9 /* ViewController.swift */ = {isa = PBXFileReference; fileEncoding = 4; lastKnownFileType = sourcecode.swift; path = ViewController.swift; sourceTree = "<group>"; };
		359BF18623F2B68F007AB5E9 /* AppDelegate.swift */ = {isa = PBXFileReference; fileEncoding = 4; lastKnownFileType = sourcecode.swift; path = AppDelegate.swift; sourceTree = "<group>"; };
		359BF18923F2BF3B007AB5E9 /* ViewModel.swift */ = {isa = PBXFileReference; lastKnownFileType = sourcecode.swift; path = ViewModel.swift; sourceTree = "<group>"; };
		359BF18C23F2C204007AB5E9 /* DataManager.swift */ = {isa = PBXFileReference; lastKnownFileType = sourcecode.swift; path = DataManager.swift; sourceTree = "<group>"; };
		359BF18F23F2C651007AB5E9 /* Country.swift */ = {isa = PBXFileReference; lastKnownFileType = sourcecode.swift; path = Country.swift; sourceTree = "<group>"; };
		359BF19223F3B331007AB5E9 /* TableViewCell.swift */ = {isa = PBXFileReference; lastKnownFileType = sourcecode.swift; path = TableViewCell.swift; sourceTree = "<group>"; };
		67A2FA54A1B68E623088F47F /* Pods-MyAppTests.release.xcconfig */ = {isa = PBXFileReference; includeInIndex = 1; lastKnownFileType = text.xcconfig; name = "Pods-MyAppTests.release.xcconfig"; path = "Target Support Files/Pods-MyAppTests/Pods-MyAppTests.release.xcconfig"; sourceTree = "<group>"; };
		A2CD9BCC38DE24C7DBE2984C /* Pods_MyAppUITests.framework */ = {isa = PBXFileReference; explicitFileType = wrapper.framework; includeInIndex = 0; path = Pods_MyAppUITests.framework; sourceTree = BUILT_PRODUCTS_DIR; };
		C8F02F907AE418BD8641E542 /* Pods_MyAppTests.framework */ = {isa = PBXFileReference; explicitFileType = wrapper.framework; includeInIndex = 0; path = Pods_MyAppTests.framework; sourceTree = BUILT_PRODUCTS_DIR; };
		F31733B81C66486040241389 /* Pods-MyAppUITests.debug.xcconfig */ = {isa = PBXFileReference; includeInIndex = 1; lastKnownFileType = text.xcconfig; name = "Pods-MyAppUITests.debug.xcconfig"; path = "Target Support Files/Pods-MyAppUITests/Pods-MyAppUITests.debug.xcconfig"; sourceTree = "<group>"; };
/* End PBXFileReference section */

/* Begin PBXFrameworksBuildPhase section */
		359BF14F23F2B5FB007AB5E9 /* Frameworks */ = {
			isa = PBXFrameworksBuildPhase;
			buildActionMask = 2147483647;
			files = (
				85B8A635B030DB711E0B1EAE /* Pods_MyApp.framework in Frameworks */,
			);
			runOnlyForDeploymentPostprocessing = 0;
		};
		359BF16323F2B5FE007AB5E9 /* Frameworks */ = {
			isa = PBXFrameworksBuildPhase;
			buildActionMask = 2147483647;
			files = (
				AE32F326A37B604993F7F3C2 /* Pods_MyAppTests.framework in Frameworks */,
			);
			runOnlyForDeploymentPostprocessing = 0;
		};
		359BF16E23F2B5FE007AB5E9 /* Frameworks */ = {
			isa = PBXFrameworksBuildPhase;
			buildActionMask = 2147483647;
			files = (
				3118751BFDDB3B1BC63C439E /* Pods_MyAppUITests.framework in Frameworks */,
			);
			runOnlyForDeploymentPostprocessing = 0;
		};
/* End PBXFrameworksBuildPhase section */

/* Begin PBXGroup section */
		359BF14923F2B5FB007AB5E9 = {
			isa = PBXGroup;
			children = (
				359BF15423F2B5FB007AB5E9 /* MyApp */,
				359BF16923F2B5FE007AB5E9 /* MyAppTests */,
				359BF17423F2B5FE007AB5E9 /* MyAppUITests */,
				359BF15323F2B5FB007AB5E9 /* Products */,
				7189474F2755D258484CD147 /* Pods */,
				C48E977A7D2E7B85FCFB56DD /* Frameworks */,
			);
			sourceTree = "<group>";
		};
		359BF15323F2B5FB007AB5E9 /* Products */ = {
			isa = PBXGroup;
			children = (
				359BF15223F2B5FB007AB5E9 /* MyApp.app */,
				359BF16623F2B5FE007AB5E9 /* MyAppTests.xctest */,
				359BF17123F2B5FE007AB5E9 /* MyAppUITests.xctest */,
			);
			name = Products;
			sourceTree = "<group>";
		};
		359BF15423F2B5FB007AB5E9 /* MyApp */ = {
			isa = PBXGroup;
			children = (
				359BF19123F2DE93007AB5E9 /* Cell */,
				359BF18E23F2C626007AB5E9 /* Model */,
				359BF18B23F2C1EB007AB5E9 /* Manager */,
				359BF18523F2B68F007AB5E9 /* Application */,
				359BF18323F2B68F007AB5E9 /* View */,
				359BF15C23F2B5FE007AB5E9 /* Assets.xcassets */,
				359BF16123F2B5FE007AB5E9 /* Info.plist */,
			);
			path = MyApp;
			sourceTree = "<group>";
		};
		359BF16923F2B5FE007AB5E9 /* MyAppTests */ = {
			isa = PBXGroup;
			children = (
				359BF16A23F2B5FE007AB5E9 /* MyAppTests.swift */,
				359BF16C23F2B5FE007AB5E9 /* Info.plist */,
			);
			path = MyAppTests;
			sourceTree = "<group>";
		};
		359BF17423F2B5FE007AB5E9 /* MyAppUITests */ = {
			isa = PBXGroup;
			children = (
				359BF17523F2B5FE007AB5E9 /* MyAppUITests.swift */,
				359BF17723F2B5FE007AB5E9 /* Info.plist */,
			);
			path = MyAppUITests;
			sourceTree = "<group>";
		};
		359BF18323F2B68F007AB5E9 /* View */ = {
			isa = PBXGroup;
			children = (
				359BF18423F2B68F007AB5E9 /* ViewController.swift */,
				359BF18923F2BF3B007AB5E9 /* ViewModel.swift */,
			);
			path = View;
			sourceTree = "<group>";
		};
		359BF18523F2B68F007AB5E9 /* Application */ = {
			isa = PBXGroup;
			children = (
				359BF18623F2B68F007AB5E9 /* AppDelegate.swift */,
			);
			path = Application;
			sourceTree = "<group>";
		};
		359BF18B23F2C1EB007AB5E9 /* Manager */ = {
			isa = PBXGroup;
			children = (
				359BF18C23F2C204007AB5E9 /* DataManager.swift */,
			);
			path = Manager;
			sourceTree = "<group>";
		};
		359BF18E23F2C626007AB5E9 /* Model */ = {
			isa = PBXGroup;
			children = (
				359BF18F23F2C651007AB5E9 /* Country.swift */,
			);
			path = Model;
			sourceTree = "<group>";
		};
		359BF19123F2DE93007AB5E9 /* Cell */ = {
			isa = PBXGroup;
			children = (
				359BF19223F3B331007AB5E9 /* TableViewCell.swift */,
			);
			path = Cell;
			sourceTree = "<group>";
		};
		7189474F2755D258484CD147 /* Pods */ = {
			isa = PBXGroup;
			children = (
				271E7700622E149485BB9388 /* Pods-MyApp.debug.xcconfig */,
				124004C647990AA2761A3CB3 /* Pods-MyApp.release.xcconfig */,
				2D45386FDD36C0F30E610F85 /* Pods-MyAppTests.debug.xcconfig */,
				67A2FA54A1B68E623088F47F /* Pods-MyAppTests.release.xcconfig */,
				F31733B81C66486040241389 /* Pods-MyAppUITests.debug.xcconfig */,
				072ECF1F29D9A693EC37ABA8 /* Pods-MyAppUITests.release.xcconfig */,
			);
			path = Pods;
			sourceTree = "<group>";
		};
		C48E977A7D2E7B85FCFB56DD /* Frameworks */ = {
			isa = PBXGroup;
			children = (
				27511C56C269773D29EA85AC /* Pods_MyApp.framework */,
				C8F02F907AE418BD8641E542 /* Pods_MyAppTests.framework */,
				A2CD9BCC38DE24C7DBE2984C /* Pods_MyAppUITests.framework */,
			);
			name = Frameworks;
			sourceTree = "<group>";
		};
/* End PBXGroup section */

/* Begin PBXNativeTarget section */
		359BF15123F2B5FB007AB5E9 /* MyApp */ = {
			isa = PBXNativeTarget;
			buildConfigurationList = 359BF17A23F2B5FF007AB5E9 /* Build configuration list for PBXNativeTarget "MyApp" */;
			buildPhases = (
				585EDBE4580652B7FB1F2AA7 /* [CP] Check Pods Manifest.lock */,
				359BF14E23F2B5FB007AB5E9 /* Sources */,
				359BF14F23F2B5FB007AB5E9 /* Frameworks */,
				359BF15023F2B5FB007AB5E9 /* Resources */,
				68777F3F3C4BCDAB0FAE2D3B /* [CP] Embed Pods Frameworks */,
			);
			buildRules = (
			);
			dependencies = (
			);
			name = MyApp;
			productName = MyApp;
			productReference = 359BF15223F2B5FB007AB5E9 /* MyApp.app */;
			productType = "com.apple.product-type.application";
		};
		359BF16523F2B5FE007AB5E9 /* MyAppTests */ = {
			isa = PBXNativeTarget;
			buildConfigurationList = 359BF17D23F2B5FF007AB5E9 /* Build configuration list for PBXNativeTarget "MyAppTests" */;
			buildPhases = (
				2375A4459652E82FE25A789E /* [CP] Check Pods Manifest.lock */,
				359BF16223F2B5FE007AB5E9 /* Sources */,
				359BF16323F2B5FE007AB5E9 /* Frameworks */,
				359BF16423F2B5FE007AB5E9 /* Resources */,
			);
			buildRules = (
			);
			dependencies = (
				359BF16823F2B5FE007AB5E9 /* PBXTargetDependency */,
			);
			name = MyAppTests;
			productName = MyAppTests;
			productReference = 359BF16623F2B5FE007AB5E9 /* MyAppTests.xctest */;
			productType = "com.apple.product-type.bundle.unit-test";
		};
		359BF17023F2B5FE007AB5E9 /* MyAppUITests */ = {
			isa = PBXNativeTarget;
			buildConfigurationList = 359BF18023F2B5FF007AB5E9 /* Build configuration list for PBXNativeTarget "MyAppUITests" */;
			buildPhases = (
				444B1B51BCF3DA8A442B2226 /* [CP] Check Pods Manifest.lock */,
				359BF16D23F2B5FE007AB5E9 /* Sources */,
				359BF16E23F2B5FE007AB5E9 /* Frameworks */,
				359BF16F23F2B5FE007AB5E9 /* Resources */,
			);
			buildRules = (
			);
			dependencies = (
				359BF17323F2B5FE007AB5E9 /* PBXTargetDependency */,
			);
			name = MyAppUITests;
			productName = MyAppUITests;
			productReference = 359BF17123F2B5FE007AB5E9 /* MyAppUITests.xctest */;
			productType = "com.apple.product-type.bundle.ui-testing";
		};
/* End PBXNativeTarget section */

/* Begin PBXProject section */
		359BF14A23F2B5FB007AB5E9 /* Project object */ = {
			isa = PBXProject;
			attributes = {
				LastSwiftUpdateCheck = 1000;
				LastUpgradeCheck = 1000;
				ORGANIZATIONNAME = chaithra;
				TargetAttributes = {
					359BF15123F2B5FB007AB5E9 = {
						CreatedOnToolsVersion = 10.0;
					};
					359BF16523F2B5FE007AB5E9 = {
						CreatedOnToolsVersion = 10.0;
						TestTargetID = 359BF15123F2B5FB007AB5E9;
					};
					359BF17023F2B5FE007AB5E9 = {
						CreatedOnToolsVersion = 10.0;
						TestTargetID = 359BF15123F2B5FB007AB5E9;
					};
				};
			};
			buildConfigurationList = 359BF14D23F2B5FB007AB5E9 /* Build configuration list for PBXProject "MyApp" */;
			compatibilityVersion = "Xcode 9.3";
			developmentRegion = en;
			hasScannedForEncodings = 0;
			knownRegions = (
				en,
				Base,
			);
			mainGroup = 359BF14923F2B5FB007AB5E9;
			productRefGroup = 359BF15323F2B5FB007AB5E9 /* Products */;
			projectDirPath = "";
			projectRoot = "";
			targets = (
				359BF15123F2B5FB007AB5E9 /* MyApp */,
				359BF16523F2B5FE007AB5E9 /* MyAppTests */,
				359BF17023F2B5FE007AB5E9 /* MyAppUITests */,
			);
		};
/* End PBXProject section */

/* Begin PBXResourcesBuildPhase section */
		359BF15023F2B5FB007AB5E9 /* Resources */ = {
			isa = PBXResourcesBuildPhase;
			buildActionMask = 2147483647;
			files = (
				359BF15D23F2B5FE007AB5E9 /* Assets.xcassets in Resources */,
			);
			runOnlyForDeploymentPostprocessing = 0;
		};
		359BF16423F2B5FE007AB5E9 /* Resources */ = {
			isa = PBXResourcesBuildPhase;
			buildActionMask = 2147483647;
			files = (
			);
			runOnlyForDeploymentPostprocessing = 0;
		};
		359BF16F23F2B5FE007AB5E9 /* Resources */ = {
			isa = PBXResourcesBuildPhase;
			buildActionMask = 2147483647;
			files = (
			);
			runOnlyForDeploymentPostprocessing = 0;
		};
/* End PBXResourcesBuildPhase section */

/* Begin PBXShellScriptBuildPhase section */
		2375A4459652E82FE25A789E /* [CP] Check Pods Manifest.lock */ = {
			isa = PBXShellScriptBuildPhase;
			buildActionMask = 2147483647;
			files = (
			);
			inputFileListPaths = (
			);
			inputPaths = (
				"${PODS_PODFILE_DIR_PATH}/Podfile.lock",
				"${PODS_ROOT}/Manifest.lock",
			);
			name = "[CP] Check Pods Manifest.lock";
			outputFileListPaths = (
			);
			outputPaths = (
				"$(DERIVED_FILE_DIR)/Pods-MyAppTests-checkManifestLockResult.txt",
			);
			runOnlyForDeploymentPostprocessing = 0;
			shellPath = /bin/sh;
			shellScript = "diff \"${PODS_PODFILE_DIR_PATH}/Podfile.lock\" \"${PODS_ROOT}/Manifest.lock\" > /dev/null\nif [ $? != 0 ] ; then\n    # print error to STDERR\n    echo \"error: The sandbox is not in sync with the Podfile.lock. Run 'pod install' or update your CocoaPods installation.\" >&2\n    exit 1\nfi\n# This output is used by Xcode 'outputs' to avoid re-running this script phase.\necho \"SUCCESS\" > \"${SCRIPT_OUTPUT_FILE_0}\"\n";
			showEnvVarsInLog = 0;
		};
		444B1B51BCF3DA8A442B2226 /* [CP] Check Pods Manifest.lock */ = {
			isa = PBXShellScriptBuildPhase;
			buildActionMask = 2147483647;
			files = (
			);
			inputFileListPaths = (
			);
			inputPaths = (
				"${PODS_PODFILE_DIR_PATH}/Podfile.lock",
				"${PODS_ROOT}/Manifest.lock",
			);
			name = "[CP] Check Pods Manifest.lock";
			outputFileListPaths = (
			);
			outputPaths = (
				"$(DERIVED_FILE_DIR)/Pods-MyAppUITests-checkManifestLockResult.txt",
			);
			runOnlyForDeploymentPostprocessing = 0;
			shellPath = /bin/sh;
			shellScript = "diff \"${PODS_PODFILE_DIR_PATH}/Podfile.lock\" \"${PODS_ROOT}/Manifest.lock\" > /dev/null\nif [ $? != 0 ] ; then\n    # print error to STDERR\n    echo \"error: The sandbox is not in sync with the Podfile.lock. Run 'pod install' or update your CocoaPods installation.\" >&2\n    exit 1\nfi\n# This output is used by Xcode 'outputs' to avoid re-running this script phase.\necho \"SUCCESS\" > \"${SCRIPT_OUTPUT_FILE_0}\"\n";
			showEnvVarsInLog = 0;
		};
		585EDBE4580652B7FB1F2AA7 /* [CP] Check Pods Manifest.lock */ = {
			isa = PBXShellScriptBuildPhase;
			buildActionMask = 2147483647;
			files = (
			);
			inputFileListPaths = (
			);
			inputPaths = (
				"${PODS_PODFILE_DIR_PATH}/Podfile.lock",
				"${PODS_ROOT}/Manifest.lock",
			);
			name = "[CP] Check Pods Manifest.lock";
			outputFileListPaths = (
			);
			outputPaths = (
				"$(DERIVED_FILE_DIR)/Pods-MyApp-checkManifestLockResult.txt",
			);
			runOnlyForDeploymentPostprocessing = 0;
			shellPath = /bin/sh;
			shellScript = "diff \"${PODS_PODFILE_DIR_PATH}/Podfile.lock\" \"${PODS_ROOT}/Manifest.lock\" > /dev/null\nif [ $? != 0 ] ; then\n    # print error to STDERR\n    echo \"error: The sandbox is not in sync with the Podfile.lock. Run 'pod install' or update your CocoaPods installation.\" >&2\n    exit 1\nfi\n# This output is used by Xcode 'outputs' to avoid re-running this script phase.\necho \"SUCCESS\" > \"${SCRIPT_OUTPUT_FILE_0}\"\n";
			showEnvVarsInLog = 0;
		};
		68777F3F3C4BCDAB0FAE2D3B /* [CP] Embed Pods Frameworks */ = {
			isa = PBXShellScriptBuildPhase;
			buildActionMask = 2147483647;
			files = (
			);
			inputFileListPaths = (
			);
			inputPaths = (
				"${PODS_ROOT}/Target Support Files/Pods-MyApp/Pods-MyApp-frameworks.sh",
				"${BUILT_PRODUCTS_DIR}/Kingfisher/Kingfisher.framework",
			);
			name = "[CP] Embed Pods Frameworks";
			outputFileListPaths = (
			);
			outputPaths = (
				"${TARGET_BUILD_DIR}/${FRAMEWORKS_FOLDER_PATH}/Kingfisher.framework",
			);
			runOnlyForDeploymentPostprocessing = 0;
			shellPath = /bin/sh;
			shellScript = "\"${PODS_ROOT}/Target Support Files/Pods-MyApp/Pods-MyApp-frameworks.sh\"\n";
			showEnvVarsInLog = 0;
		};
/* End PBXShellScriptBuildPhase section */

/* Begin PBXSourcesBuildPhase section */
		359BF14E23F2B5FB007AB5E9 /* Sources */ = {
			isa = PBXSourcesBuildPhase;
			buildActionMask = 2147483647;
			files = (
				359BF18823F2B68F007AB5E9 /* AppDelegate.swift in Sources */,
				359BF18D23F2C204007AB5E9 /* DataManager.swift in Sources */,
				359BF18A23F2BF3B007AB5E9 /* ViewModel.swift in Sources */,
				359BF19323F3B331007AB5E9 /* TableViewCell.swift in Sources */,
				359BF19023F2C651007AB5E9 /* Country.swift in Sources */,
				359BF18723F2B68F007AB5E9 /* ViewController.swift in Sources */,
			);
			runOnlyForDeploymentPostprocessing = 0;
		};
		359BF16223F2B5FE007AB5E9 /* Sources */ = {
			isa = PBXSourcesBuildPhase;
			buildActionMask = 2147483647;
			files = (
				359BF16B23F2B5FE007AB5E9 /* MyAppTests.swift in Sources */,
			);
			runOnlyForDeploymentPostprocessing = 0;
		};
		359BF16D23F2B5FE007AB5E9 /* Sources */ = {
			isa = PBXSourcesBuildPhase;
			buildActionMask = 2147483647;
			files = (
				359BF17623F2B5FE007AB5E9 /* MyAppUITests.swift in Sources */,
			);
			runOnlyForDeploymentPostprocessing = 0;
		};
/* End PBXSourcesBuildPhase section */

/* Begin PBXTargetDependency section */
		359BF16823F2B5FE007AB5E9 /* PBXTargetDependency */ = {
			isa = PBXTargetDependency;
			target = 359BF15123F2B5FB007AB5E9 /* MyApp */;
			targetProxy = 359BF16723F2B5FE007AB5E9 /* PBXContainerItemProxy */;
		};
		359BF17323F2B5FE007AB5E9 /* PBXTargetDependency */ = {
			isa = PBXTargetDependency;
			target = 359BF15123F2B5FB007AB5E9 /* MyApp */;
			targetProxy = 359BF17223F2B5FE007AB5E9 /* PBXContainerItemProxy */;
		};
/* End PBXTargetDependency section */

/* Begin XCBuildConfiguration section */
		359BF17823F2B5FF007AB5E9 /* Debug */ = {
			isa = XCBuildConfiguration;
			buildSettings = {
				ALWAYS_SEARCH_USER_PATHS = NO;
				CLANG_ANALYZER_NONNULL = YES;
				CLANG_ANALYZER_NUMBER_OBJECT_CONVERSION = YES_AGGRESSIVE;
				CLANG_CXX_LANGUAGE_STANDARD = "gnu++14";
				CLANG_CXX_LIBRARY = "libc++";
				CLANG_ENABLE_MODULES = YES;
				CLANG_ENABLE_OBJC_ARC = YES;
				CLANG_ENABLE_OBJC_WEAK = YES;
				CLANG_WARN_BLOCK_CAPTURE_AUTORELEASING = YES;
				CLANG_WARN_BOOL_CONVERSION = YES;
				CLANG_WARN_COMMA = YES;
				CLANG_WARN_CONSTANT_CONVERSION = YES;
				CLANG_WARN_DEPRECATED_OBJC_IMPLEMENTATIONS = YES;
				CLANG_WARN_DIRECT_OBJC_ISA_USAGE = YES_ERROR;
				CLANG_WARN_DOCUMENTATION_COMMENTS = YES;
				CLANG_WARN_EMPTY_BODY = YES;
				CLANG_WARN_ENUM_CONVERSION = YES;
				CLANG_WARN_INFINITE_RECURSION = YES;
				CLANG_WARN_INT_CONVERSION = YES;
				CLANG_WARN_NON_LITERAL_NULL_CONVERSION = YES;
				CLANG_WARN_OBJC_IMPLICIT_RETAIN_SELF = YES;
				CLANG_WARN_OBJC_LITERAL_CONVERSION = YES;
				CLANG_WARN_OBJC_ROOT_CLASS = YES_ERROR;
				CLANG_WARN_RANGE_LOOP_ANALYSIS = YES;
				CLANG_WARN_STRICT_PROTOTYPES = YES;
				CLANG_WARN_SUSPICIOUS_MOVE = YES;
				CLANG_WARN_UNGUARDED_AVAILABILITY = YES_AGGRESSIVE;
				CLANG_WARN_UNREACHABLE_CODE = YES;
				CLANG_WARN__DUPLICATE_METHOD_MATCH = YES;
				CODE_SIGN_IDENTITY = "iPhone Developer";
				COPY_PHASE_STRIP = NO;
				DEBUG_INFORMATION_FORMAT = dwarf;
				ENABLE_STRICT_OBJC_MSGSEND = YES;
				ENABLE_TESTABILITY = YES;
				GCC_C_LANGUAGE_STANDARD = gnu11;
				GCC_DYNAMIC_NO_PIC = NO;
				GCC_NO_COMMON_BLOCKS = YES;
				GCC_OPTIMIZATION_LEVEL = 0;
				GCC_PREPROCESSOR_DEFINITIONS = (
					"DEBUG=1",
					"$(inherited)",
				);
				GCC_WARN_64_TO_32_BIT_CONVERSION = YES;
				GCC_WARN_ABOUT_RETURN_TYPE = YES_ERROR;
				GCC_WARN_UNDECLARED_SELECTOR = YES;
				GCC_WARN_UNINITIALIZED_AUTOS = YES_AGGRESSIVE;
				GCC_WARN_UNUSED_FUNCTION = YES;
				GCC_WARN_UNUSED_VARIABLE = YES;
				IPHONEOS_DEPLOYMENT_TARGET = 11.0;
				MTL_ENABLE_DEBUG_INFO = INCLUDE_SOURCE;
				MTL_FAST_MATH = YES;
				ONLY_ACTIVE_ARCH = YES;
				SDKROOT = iphoneos;
				SWIFT_ACTIVE_COMPILATION_CONDITIONS = DEBUG;
				SWIFT_OPTIMIZATION_LEVEL = "-Onone";
			};
			name = Debug;
		};
		359BF17923F2B5FF007AB5E9 /* Release */ = {
			isa = XCBuildConfiguration;
			buildSettings = {
				ALWAYS_SEARCH_USER_PATHS = NO;
				CLANG_ANALYZER_NONNULL = YES;
				CLANG_ANALYZER_NUMBER_OBJECT_CONVERSION = YES_AGGRESSIVE;
				CLANG_CXX_LANGUAGE_STANDARD = "gnu++14";
				CLANG_CXX_LIBRARY = "libc++";
				CLANG_ENABLE_MODULES = YES;
				CLANG_ENABLE_OBJC_ARC = YES;
				CLANG_ENABLE_OBJC_WEAK = YES;
				CLANG_WARN_BLOCK_CAPTURE_AUTORELEASING = YES;
				CLANG_WARN_BOOL_CONVERSION = YES;
				CLANG_WARN_COMMA = YES;
				CLANG_WARN_CONSTANT_CONVERSION = YES;
				CLANG_WARN_DEPRECATED_OBJC_IMPLEMENTATIONS = YES;
				CLANG_WARN_DIRECT_OBJC_ISA_USAGE = YES_ERROR;
				CLANG_WARN_DOCUMENTATION_COMMENTS = YES;
				CLANG_WARN_EMPTY_BODY = YES;
				CLANG_WARN_ENUM_CONVERSION = YES;
				CLANG_WARN_INFINITE_RECURSION = YES;
				CLANG_WARN_INT_CONVERSION = YES;
				CLANG_WARN_NON_LITERAL_NULL_CONVERSION = YES;
				CLANG_WARN_OBJC_IMPLICIT_RETAIN_SELF = YES;
				CLANG_WARN_OBJC_LITERAL_CONVERSION = YES;
				CLANG_WARN_OBJC_ROOT_CLASS = YES_ERROR;
				CLANG_WARN_RANGE_LOOP_ANALYSIS = YES;
				CLANG_WARN_STRICT_PROTOTYPES = YES;
				CLANG_WARN_SUSPICIOUS_MOVE = YES;
				CLANG_WARN_UNGUARDED_AVAILABILITY = YES_AGGRESSIVE;
				CLANG_WARN_UNREACHABLE_CODE = YES;
				CLANG_WARN__DUPLICATE_METHOD_MATCH = YES;
				CODE_SIGN_IDENTITY = "iPhone Developer";
				COPY_PHASE_STRIP = NO;
				DEBUG_INFORMATION_FORMAT = "dwarf-with-dsym";
				ENABLE_NS_ASSERTIONS = NO;
				ENABLE_STRICT_OBJC_MSGSEND = YES;
				GCC_C_LANGUAGE_STANDARD = gnu11;
				GCC_NO_COMMON_BLOCKS = YES;
				GCC_WARN_64_TO_32_BIT_CONVERSION = YES;
				GCC_WARN_ABOUT_RETURN_TYPE = YES_ERROR;
				GCC_WARN_UNDECLARED_SELECTOR = YES;
				GCC_WARN_UNINITIALIZED_AUTOS = YES_AGGRESSIVE;
				GCC_WARN_UNUSED_FUNCTION = YES;
				GCC_WARN_UNUSED_VARIABLE = YES;
				IPHONEOS_DEPLOYMENT_TARGET = 11.0;
				MTL_ENABLE_DEBUG_INFO = NO;
				MTL_FAST_MATH = YES;
				SDKROOT = iphoneos;
				SWIFT_COMPILATION_MODE = wholemodule;
				SWIFT_OPTIMIZATION_LEVEL = "-O";
				VALIDATE_PRODUCT = YES;
			};
			name = Release;
		};
		359BF17B23F2B5FF007AB5E9 /* Debug */ = {
			isa = XCBuildConfiguration;
			baseConfigurationReference = 271E7700622E149485BB9388 /* Pods-MyApp.debug.xcconfig */;
			buildSettings = {
				ASSETCATALOG_COMPILER_APPICON_NAME = AppIcon;
				CODE_SIGN_STYLE = Automatic;
				DEVELOPMENT_TEAM = YR4EL45MWV;
				INFOPLIST_FILE = MyApp/Info.plist;
				LD_RUNPATH_SEARCH_PATHS = (
					"$(inherited)",
					"@executable_path/Frameworks",
				);
				PRODUCT_BUNDLE_IDENTIFIER = chaithra.MyApp;
				PRODUCT_NAME = "$(TARGET_NAME)";
				SWIFT_VERSION = 4.2;
				TARGETED_DEVICE_FAMILY = "1,2";
			};
			name = Debug;
		};
		359BF17C23F2B5FF007AB5E9 /* Release */ = {
			isa = XCBuildConfiguration;
			baseConfigurationReference = 124004C647990AA2761A3CB3 /* Pods-MyApp.release.xcconfig */;
			buildSettings = {
				ASSETCATALOG_COMPILER_APPICON_NAME = AppIcon;
				CODE_SIGN_STYLE = Automatic;
				DEVELOPMENT_TEAM = YR4EL45MWV;
				INFOPLIST_FILE = MyApp/Info.plist;
				LD_RUNPATH_SEARCH_PATHS = (
					"$(inherited)",
					"@executable_path/Frameworks",
				);
				PRODUCT_BUNDLE_IDENTIFIER = chaithra.MyApp;
				PRODUCT_NAME = "$(TARGET_NAME)";
				SWIFT_VERSION = 4.2;
				TARGETED_DEVICE_FAMILY = "1,2";
			};
			name = Release;
		};
		359BF17E23F2B5FF007AB5E9 /* Debug */ = {
			isa = XCBuildConfiguration;
			baseConfigurationReference = 2D45386FDD36C0F30E610F85 /* Pods-MyAppTests.debug.xcconfig */;
			buildSettings = {
				ALWAYS_EMBED_SWIFT_STANDARD_LIBRARIES = YES;
				BUNDLE_LOADER = "$(TEST_HOST)";
				CODE_SIGN_STYLE = Automatic;
				DEVELOPMENT_TEAM = YR4EL45MWV;
				INFOPLIST_FILE = MyAppTests/Info.plist;
				LD_RUNPATH_SEARCH_PATHS = (
					"$(inherited)",
					"@executable_path/Frameworks",
					"@loader_path/Frameworks",
				);
				PRODUCT_BUNDLE_IDENTIFIER = chaithra.MyAppTests;
				PRODUCT_NAME = "$(TARGET_NAME)";
				SWIFT_VERSION = 4.2;
				TARGETED_DEVICE_FAMILY = "1,2";
				TEST_HOST = "$(BUILT_PRODUCTS_DIR)/MyApp.app/MyApp";
			};
			name = Debug;
		};
		359BF17F23F2B5FF007AB5E9 /* Release */ = {
			isa = XCBuildConfiguration;
			baseConfigurationReference = 67A2FA54A1B68E623088F47F /* Pods-MyAppTests.release.xcconfig */;
			buildSettings = {
				ALWAYS_EMBED_SWIFT_STANDARD_LIBRARIES = YES;
				BUNDLE_LOADER = "$(TEST_HOST)";
				CODE_SIGN_STYLE = Automatic;
				DEVELOPMENT_TEAM = YR4EL45MWV;
				INFOPLIST_FILE = MyAppTests/Info.plist;
				LD_RUNPATH_SEARCH_PATHS = (
					"$(inherited)",
					"@executable_path/Frameworks",
					"@loader_path/Frameworks",
				);
				PRODUCT_BUNDLE_IDENTIFIER = chaithra.MyAppTests;
				PRODUCT_NAME = "$(TARGET_NAME)";
				SWIFT_VERSION = 4.2;
				TARGETED_DEVICE_FAMILY = "1,2";
				TEST_HOST = "$(BUILT_PRODUCTS_DIR)/MyApp.app/MyApp";
			};
			name = Release;
		};
		359BF18123F2B5FF007AB5E9 /* Debug */ = {
			isa = XCBuildConfiguration;
			baseConfigurationReference = F31733B81C66486040241389 /* Pods-MyAppUITests.debug.xcconfig */;
			buildSettings = {
				ALWAYS_EMBED_SWIFT_STANDARD_LIBRARIES = YES;
				CODE_SIGN_STYLE = Automatic;
				DEVELOPMENT_TEAM = YR4EL45MWV;
				INFOPLIST_FILE = MyAppUITests/Info.plist;
				LD_RUNPATH_SEARCH_PATHS = (
					"$(inherited)",
					"@executable_path/Frameworks",
					"@loader_path/Frameworks",
				);
				PRODUCT_BUNDLE_IDENTIFIER = chaithra.MyAppUITests;
				PRODUCT_NAME = "$(TARGET_NAME)";
				SWIFT_VERSION = 4.2;
				TARGETED_DEVICE_FAMILY = "1,2";
				TEST_TARGET_NAME = MyApp;
			};
			name = Debug;
		};
		359BF18223F2B5FF007AB5E9 /* Release */ = {
			isa = XCBuildConfiguration;
			baseConfigurationReference = 072ECF1F29D9A693EC37ABA8 /* Pods-MyAppUITests.release.xcconfig */;
			buildSettings = {
				ALWAYS_EMBED_SWIFT_STANDARD_LIBRARIES = YES;
				CODE_SIGN_STYLE = Automatic;
				DEVELOPMENT_TEAM = YR4EL45MWV;
				INFOPLIST_FILE = MyAppUITests/Info.plist;
				LD_RUNPATH_SEARCH_PATHS = (
					"$(inherited)",
					"@executable_path/Frameworks",
					"@loader_path/Frameworks",
				);
				PRODUCT_BUNDLE_IDENTIFIER = chaithra.MyAppUITests;
				PRODUCT_NAME = "$(TARGET_NAME)";
				SWIFT_VERSION = 4.2;
				TARGETED_DEVICE_FAMILY = "1,2";
				TEST_TARGET_NAME = MyApp;
			};
			name = Release;
		};
/* End XCBuildConfiguration section */

/* Begin XCConfigurationList section */
		359BF14D23F2B5FB007AB5E9 /* Build configuration list for PBXProject "MyApp" */ = {
			isa = XCConfigurationList;
			buildConfigurations = (
				359BF17823F2B5FF007AB5E9 /* Debug */,
				359BF17923F2B5FF007AB5E9 /* Release */,
			);
			defaultConfigurationIsVisible = 0;
			defaultConfigurationName = Release;
		};
		359BF17A23F2B5FF007AB5E9 /* Build configuration list for PBXNativeTarget "MyApp" */ = {
			isa = XCConfigurationList;
			buildConfigurations = (
				359BF17B23F2B5FF007AB5E9 /* Debug */,
				359BF17C23F2B5FF007AB5E9 /* Release */,
			);
			defaultConfigurationIsVisible = 0;
			defaultConfigurationName = Release;
		};
		359BF17D23F2B5FF007AB5E9 /* Build configuration list for PBXNativeTarget "MyAppTests" */ = {
			isa = XCConfigurationList;
			buildConfigurations = (
				359BF17E23F2B5FF007AB5E9 /* Debug */,
				359BF17F23F2B5FF007AB5E9 /* Release */,
			);
			defaultConfigurationIsVisible = 0;
			defaultConfigurationName = Release;
		};
		359BF18023F2B5FF007AB5E9 /* Build configuration list for PBXNativeTarget "MyAppUITests" */ = {
			isa = XCConfigurationList;
			buildConfigurations = (
				359BF18123F2B5FF007AB5E9 /* Debug */,
				359BF18223F2B5FF007AB5E9 /* Release */,
			);
			defaultConfigurationIsVisible = 0;
			defaultConfigurationName = Release;
		};
/* End XCConfigurationList section */
	};
	rootObject = 359BF14A23F2B5FB007AB5E9 /* Project object */;
}
